
Microsoft Visual Studio Solution File, Format Version 12.00
# Visual Studio Version 17
VisualStudioVersion = 17.0.31903.59
MinimumVisualStudioVersion = 10.0.40219.1
Project("{2150E333-8FDC-42A3-9474-1A3956D46DE8}") = "src", "src", "{3B7B96C8-DF94-48EA-AEFC-F0BC855A5FCF}"
EndProject
Project("{FAE04EC0-301F-11D3-BF4B-00C04F79EFBC}") = "MediaButler.Core", "src\MediaButler.Core\MediaButler.Core.csproj", "{2C62CA48-5E66-4EAC-8A9F-363AD8116835}"
EndProject
Project("{FAE04EC0-301F-11D3-BF4B-00C04F79EFBC}") = "MediaButler.Data", "src\MediaButler.Data\MediaButler.Data.csproj", "{29FFBB5D-23AF-4CFA-ABEA-68D77AB4AB75}"
EndProject
Project("{FAE04EC0-301F-11D3-BF4B-00C04F79EFBC}") = "MediaButler.ML", "src\MediaButler.ML\MediaButler.ML.csproj", "{7C502235-0B7C-4E91-B78B-FEEF8EF4EBE6}"
EndProject
Project("{FAE04EC0-301F-11D3-BF4B-00C04F79EFBC}") = "MediaButler.Services", "src\MediaButler.Services\MediaButler.Services.csproj", "{ECBF2863-1510-48D5-857D-45E8A5F02D4C}"
EndProject
Project("{FAE04EC0-301F-11D3-BF4B-00C04F79EFBC}") = "MediaButler.API", "src\MediaButler.API\MediaButler.API.csproj", "{0F2FA9DC-1849-4B32-99AD-F886AE7C227B}"
EndProject
Project("{FAE04EC0-301F-11D3-BF4B-00C04F79EFBC}") = "MediaButler.Web", "src\MediaButler.Web\MediaButler.Web.csproj", "{A728A91F-E6BD-4AD7-AB6D-941A8032FE08}"
EndProject
Project("{2150E333-8FDC-42A3-9474-1A3956D46DE8}") = "tests", "tests", "{B2DE757D-9767-49D3-B275-999F50B3375F}"
EndProject
Project("{FAE04EC0-301F-11D3-BF4B-00C04F79EFBC}") = "MediaButler.Tests.Unit", "tests\MediaButler.Tests.Unit\MediaButler.Tests.Unit.csproj", "{FF6E5BE7-A0F0-403D-A446-AD3D93ECBAAF}"
EndProject
Project("{FAE04EC0-301F-11D3-BF4B-00C04F79EFBC}") = "MediaButler.Tests.Integration", "tests\MediaButler.Tests.Integration\MediaButler.Tests.Integration.csproj", "{8BB87F70-8744-484B-BEA8-44753D702DE3}"
EndProject
Project("{FAE04EC0-301F-11D3-BF4B-00C04F79EFBC}") = "MediaButler.Tests.Acceptance", "tests\MediaButler.Tests.Acceptance\MediaButler.Tests.Acceptance.csproj", "{DA90A3C4-837F-45F3-94A3-98BDEC25D520}"
EndProject
Global
	GlobalSection(SolutionConfigurationPlatforms) = preSolution
		Debug|Any CPU = Debug|Any CPU
		Release|Any CPU = Release|Any CPU
	EndGlobalSection
	GlobalSection(SolutionProperties) = preSolution
		HideSolutionNode = FALSE
	EndGlobalSection
	GlobalSection(ProjectConfigurationPlatforms) = postSolution
		{2C62CA48-5E66-4EAC-8A9F-363AD8116835}.Debug|Any CPU.ActiveCfg = Debug|Any CPU
		{2C62CA48-5E66-4EAC-8A9F-363AD8116835}.Debug|Any CPU.Build.0 = Debug|Any CPU
		{2C62CA48-5E66-4EAC-8A9F-363AD8116835}.Release|Any CPU.ActiveCfg = Release|Any CPU
		{2C62CA48-5E66-4EAC-8A9F-363AD8116835}.Release|Any CPU.Build.0 = Release|Any CPU
		{29FFBB5D-23AF-4CFA-ABEA-68D77AB4AB75}.Debug|Any CPU.ActiveCfg = Debug|Any CPU
		{29FFBB5D-23AF-4CFA-ABEA-68D77AB4AB75}.Debug|Any CPU.Build.0 = Debug|Any CPU
		{29FFBB5D-23AF-4CFA-ABEA-68D77AB4AB75}.Release|Any CPU.ActiveCfg = Release|Any CPU
		{29FFBB5D-23AF-4CFA-ABEA-68D77AB4AB75}.Release|Any CPU.Build.0 = Release|Any CPU
		{7C502235-0B7C-4E91-B78B-FEEF8EF4EBE6}.Debug|Any CPU.ActiveCfg = Debug|Any CPU
		{7C502235-0B7C-4E91-B78B-FEEF8EF4EBE6}.Debug|Any CPU.Build.0 = Debug|Any CPU
		{7C502235-0B7C-4E91-B78B-FEEF8EF4EBE6}.Release|Any CPU.ActiveCfg = Release|Any CPU
		{7C502235-0B7C-4E91-B78B-FEEF8EF4EBE6}.Release|Any CPU.Build.0 = Release|Any CPU
		{ECBF2863-1510-48D5-857D-45E8A5F02D4C}.Debug|Any CPU.ActiveCfg = Debug|Any CPU
		{ECBF2863-1510-48D5-857D-45E8A5F02D4C}.Debug|Any CPU.Build.0 = Debug|Any CPU
		{ECBF2863-1510-48D5-857D-45E8A5F02D4C}.Release|Any CPU.ActiveCfg = Release|Any CPU
		{ECBF2863-1510-48D5-857D-45E8A5F02D4C}.Release|Any CPU.Build.0 = Release|Any CPU
		{0F2FA9DC-1849-4B32-99AD-F886AE7C227B}.Debug|Any CPU.ActiveCfg = Debug|Any CPU
		{0F2FA9DC-1849-4B32-99AD-F886AE7C227B}.Debug|Any CPU.Build.0 = Debug|Any CPU
		{0F2FA9DC-1849-4B32-99AD-F886AE7C227B}.Release|Any CPU.ActiveCfg = Release|Any CPU
		{0F2FA9DC-1849-4B32-99AD-F886AE7C227B}.Release|Any CPU.Build.0 = Release|Any CPU
		{A728A91F-E6BD-4AD7-AB6D-941A8032FE08}.Debug|Any CPU.ActiveCfg = Debug|Any CPU
		{A728A91F-E6BD-4AD7-AB6D-941A8032FE08}.Debug|Any CPU.Build.0 = Debug|Any CPU
		{A728A91F-E6BD-4AD7-AB6D-941A8032FE08}.Release|Any CPU.ActiveCfg = Release|Any CPU
		{A728A91F-E6BD-4AD7-AB6D-941A8032FE08}.Release|Any CPU.Build.0 = Release|Any CPU
		{FF6E5BE7-A0F0-403D-A446-AD3D93ECBAAF}.Debug|Any CPU.ActiveCfg = Debug|Any CPU
		{FF6E5BE7-A0F0-403D-A446-AD3D93ECBAAF}.Debug|Any CPU.Build.0 = Debug|Any CPU
		{FF6E5BE7-A0F0-403D-A446-AD3D93ECBAAF}.Release|Any CPU.ActiveCfg = Release|Any CPU
		{FF6E5BE7-A0F0-403D-A446-AD3D93ECBAAF}.Release|Any CPU.Build.0 = Release|Any CPU
		{8BB87F70-8744-484B-BEA8-44753D702DE3}.Debug|Any CPU.ActiveCfg = Debug|Any CPU
		{8BB87F70-8744-484B-BEA8-44753D702DE3}.Debug|Any CPU.Build.0 = Debug|Any CPU
		{8BB87F70-8744-484B-BEA8-44753D702DE3}.Release|Any CPU.ActiveCfg = Release|Any CPU
		{8BB87F70-8744-484B-BEA8-44753D702DE3}.Release|Any CPU.Build.0 = Release|Any CPU
		{DA90A3C4-837F-45F3-94A3-98BDEC25D520}.Debug|Any CPU.ActiveCfg = Debug|Any CPU
		{DA90A3C4-837F-45F3-94A3-98BDEC25D520}.Debug|Any CPU.Build.0 = Debug|Any CPU
		{DA90A3C4-837F-45F3-94A3-98BDEC25D520}.Release|Any CPU.ActiveCfg = Release|Any CPU
		{DA90A3C4-837F-45F3-94A3-98BDEC25D520}.Release|Any CPU.Build.0 = Release|Any CPU
	EndGlobalSection
	GlobalSection(NestedProjects) = preSolution
		{2C62CA48-5E66-4EAC-8A9F-363AD8116835} = {3B7B96C8-DF94-48EA-AEFC-F0BC855A5FCF}
		{29FFBB5D-23AF-4CFA-ABEA-68D77AB4AB75} = {3B7B96C8-DF94-48EA-AEFC-F0BC855A5FCF}
		{7C502235-0B7C-4E91-B78B-FEEF8EF4EBE6} = {3B7B96C8-DF94-48EA-AEFC-F0BC855A5FCF}
		{ECBF2863-1510-48D5-857D-45E8A5F02D4C} = {3B7B96C8-DF94-48EA-AEFC-F0BC855A5FCF}
		{0F2FA9DC-1849-4B32-99AD-F886AE7C227B} = {3B7B96C8-DF94-48EA-AEFC-F0BC855A5FCF}
		{A728A91F-E6BD-4AD7-AB6D-941A8032FE08} = {3B7B96C8-DF94-48EA-AEFC-F0BC855A5FCF}
		{FF6E5BE7-A0F0-403D-A446-AD3D93ECBAAF} = {B2DE757D-9767-49D3-B275-999F50B3375F}
		{8BB87F70-8744-484B-BEA8-44753D702DE3} = {B2DE757D-9767-49D3-B275-999F50B3375F}
		{DA90A3C4-837F-45F3-94A3-98BDEC25D520} = {B2DE757D-9767-49D3-B275-999F50B3375F}
	EndGlobalSection
EndGlobal
